
Microsoft Visual Studio Solution File, Format Version 12.00
# Visual Studio 15
VisualStudioVersion = 15.0.28307.645
MinimumVisualStudioVersion = 10.0.40219.1
Project("{FAE04EC0-301F-11D3-BF4B-00C04F79EFBC}") = "AweCsome.Buffer", "AweCsome.Buffer\AweCsome.Buffer.csproj", "{94AE61DB-4301-4B6E-98B9-0BEEA00A8CA9}"
EndProject
Global
	GlobalSection(SolutionConfigurationPlatforms) = preSolution
		Debug|Any CPU = Debug|Any CPU
		Release|Any CPU = Release|Any CPU
	EndGlobalSection
	GlobalSection(ProjectConfigurationPlatforms) = postSolution
		{94AE61DB-4301-4B6E-98B9-0BEEA00A8CA9}.Debug|Any CPU.ActiveCfg = Debug|Any CPU
		{94AE61DB-4301-4B6E-98B9-0BEEA00A8CA9}.Debug|Any CPU.Build.0 = Debug|Any CPU
		{94AE61DB-4301-4B6E-98B9-0BEEA00A8CA9}.Release|Any CPU.ActiveCfg = Release|Any CPU
		{94AE61DB-4301-4B6E-98B9-0BEEA00A8CA9}.Release|Any CPU.Build.0 = Release|Any CPU
	EndGlobalSection
	GlobalSection(SolutionProperties) = preSolution
		HideSolutionNode = FALSE
	EndGlobalSection
	GlobalSection(ExtensibilityGlobals) = postSolution
		SolutionGuid = {EAABB71D-BF0F-4DD1-9E59-A51F0F7C8DEC}
	EndGlobalSection
EndGlobal
